
Microsoft Visual Studio Solution File, Format Version 12.00
# Visual Studio 15
VisualStudioVersion = 15.0.28307.168
MinimumVisualStudioVersion = 10.0.40219.1
Project("{8BC9CEB8-8B4A-11D0-8D11-00A0C91BC942}") = "Button_Actions_Example", "Button_Actions_Example\Button_Actions_Example.vcxproj", "{89592AA3-186A-4379-BB43-47AB9F3984A3}"
EndProject
Global
	GlobalSection(SolutionConfigurationPlatforms) = preSolution
		Debug|x64 = Debug|x64
		Debug|x86 = Debug|x86
		Release|x64 = Release|x64
		Release|x86 = Release|x86
	EndGlobalSection
	GlobalSection(ProjectConfigurationPlatforms) = postSolution
		{89592AA3-186A-4379-BB43-47AB9F3984A3}.Debug|x64.ActiveCfg = Debug|x64
		{89592AA3-186A-4379-BB43-47AB9F3984A3}.Debug|x64.Build.0 = Debug|x64
		{89592AA3-186A-4379-BB43-47AB9F3984A3}.Debug|x86.ActiveCfg = Debug|Win32
		{89592AA3-186A-4379-BB43-47AB9F3984A3}.Debug|x86.Build.0 = Debug|Win32
		{89592AA3-186A-4379-BB43-47AB9F3984A3}.Release|x64.ActiveCfg = Release|x64
		{89592AA3-186A-4379-BB43-47AB9F3984A3}.Release|x64.Build.0 = Release|x64
		{89592AA3-186A-4379-BB43-47AB9F3984A3}.Release|x86.ActiveCfg = Release|Win32
		{89592AA3-186A-4379-BB43-47AB9F3984A3}.Release|x86.Build.0 = Release|Win32
	EndGlobalSection
	GlobalSection(SolutionProperties) = preSolution
		HideSolutionNode = FALSE
	EndGlobalSection
	GlobalSection(ExtensibilityGlobals) = postSolution
		SolutionGuid = {AE8BFFEB-66A5-4AB5-9F11-08A0C02C2D0D}
	EndGlobalSection
EndGlobal
